// !$*UTF8*$!
{
	archiveVersion = 1;
	classes = {
	};
	objectVersion = 46;
	objects = {

/* Begin PBXBuildFile section */
		520725571D0116AE0044D7E1 /* main.m in Sources */ = {isa = PBXBuildFile; fileRef = 520725561D0116AE0044D7E1 /* main.m */; };
		5207255A1D0116AE0044D7E1 /* AppDelegate.m in Sources */ = {isa = PBXBuildFile; fileRef = 520725591D0116AE0044D7E1 /* AppDelegate.m */; };
		5207255D1D0116AE0044D7E1 /* ViewController.m in Sources */ = {isa = PBXBuildFile; fileRef = 5207255C1D0116AE0044D7E1 /* ViewController.m */; };
		520725601D0116AE0044D7E1 /* Main.storyboard in Resources */ = {isa = PBXBuildFile; fileRef = 5207255E1D0116AE0044D7E1 /* Main.storyboard */; };
		520725621D0116AE0044D7E1 /* Assets.xcassets in Resources */ = {isa = PBXBuildFile; fileRef = 520725611D0116AE0044D7E1 /* Assets.xcassets */; };
		520725651D0116AE0044D7E1 /* LaunchScreen.storyboard in Resources */ = {isa = PBXBuildFile; fileRef = 520725631D0116AE0044D7E1 /* LaunchScreen.storyboard */; };
		5207256F1D0116FE0044D7E1 /* DTPhotoPreviewController.m in Sources */ = {isa = PBXBuildFile; fileRef = 5207256E1D0116FE0044D7E1 /* DTPhotoPreviewController.m */; };
		520725721D0118370044D7E1 /* DTPhotoPickerController.m in Sources */ = {isa = PBXBuildFile; fileRef = 520725711D0118370044D7E1 /* DTPhotoPickerController.m */; };
		520725941D018E850044D7E1 /* PHCollection+Collection.m in Sources */ = {isa = PBXBuildFile; fileRef = 5207258D1D018E850044D7E1 /* PHCollection+Collection.m */; };
		520725951D018E850044D7E1 /* PHFetchResult+Array.m in Sources */ = {isa = PBXBuildFile; fileRef = 5207258F1D018E850044D7E1 /* PHFetchResult+Array.m */; };
		520725961D018E850044D7E1 /* PHImageManager+ImageManager.m in Sources */ = {isa = PBXBuildFile; fileRef = 520725911D018E850044D7E1 /* PHImageManager+ImageManager.m */; };
		520725971D018E850044D7E1 /* PHPhotoLibrary+PhotoLibrary.m in Sources */ = {isa = PBXBuildFile; fileRef = 520725931D018E850044D7E1 /* PHPhotoLibrary+PhotoLibrary.m */; };
		52225F121D05170600AA8E6F /* UIImageView+PHAsset.m in Sources */ = {isa = PBXBuildFile; fileRef = 52225F111D05170600AA8E6F /* UIImageView+PHAsset.m */; };
		528E78AC1D3C800700363519 /* DTPhotoPreviewCell.m in Sources */ = {isa = PBXBuildFile; fileRef = 528E78A91D3C800700363519 /* DTPhotoPreviewCell.m */; };
		528E78AD1D3C800700363519 /* DTProgressView.m in Sources */ = {isa = PBXBuildFile; fileRef = 528E78AB1D3C800700363519 /* DTProgressView.m */; };
/* End PBXBuildFile section */

/* Begin PBXFileReference section */
		520725521D0116AE0044D7E1 /* DTPhotoPickerController.app */ = {isa = PBXFileReference; explicitFileType = wrapper.application; includeInIndex = 0; path = DTPhotoPickerController.app; sourceTree = BUILT_PRODUCTS_DIR; };
		520725561D0116AE0044D7E1 /* main.m */ = {isa = PBXFileReference; lastKnownFileType = sourcecode.c.objc; path = main.m; sourceTree = "<group>"; };
		520725581D0116AE0044D7E1 /* AppDelegate.h */ = {isa = PBXFileReference; lastKnownFileType = sourcecode.c.h; path = AppDelegate.h; sourceTree = "<group>"; };
		520725591D0116AE0044D7E1 /* AppDelegate.m */ = {isa = PBXFileReference; lastKnownFileType = sourcecode.c.objc; path = AppDelegate.m; sourceTree = "<group>"; };
		5207255B1D0116AE0044D7E1 /* ViewController.h */ = {isa = PBXFileReference; lastKnownFileType = sourcecode.c.h; path = ViewController.h; sourceTree = "<group>"; };
		5207255C1D0116AE0044D7E1 /* ViewController.m */ = {isa = PBXFileReference; lastKnownFileType = sourcecode.c.objc; path = ViewController.m; sourceTree = "<group>"; };
		5207255F1D0116AE0044D7E1 /* Base */ = {isa = PBXFileReference; lastKnownFileType = file.storyboard; name = Base; path = Base.lproj/Main.storyboard; sourceTree = "<group>"; };
		520725611D0116AE0044D7E1 /* Assets.xcassets */ = {isa = PBXFileReference; lastKnownFileType = folder.assetcatalog; path = Assets.xcassets; sourceTree = "<group>"; };
		520725641D0116AE0044D7E1 /* Base */ = {isa = PBXFileReference; lastKnownFileType = file.storyboard; name = Base; path = Base.lproj/LaunchScreen.storyboard; sourceTree = "<group>"; };
		520725661D0116AE0044D7E1 /* Info.plist */ = {isa = PBXFileReference; lastKnownFileType = text.plist.xml; path = Info.plist; sourceTree = "<group>"; };
		5207256D1D0116FE0044D7E1 /* DTPhotoPreviewController.h */ = {isa = PBXFileReference; fileEncoding = 4; lastKnownFileType = sourcecode.c.h; path = DTPhotoPreviewController.h; sourceTree = "<group>"; };
		5207256E1D0116FE0044D7E1 /* DTPhotoPreviewController.m */ = {isa = PBXFileReference; fileEncoding = 4; lastKnownFileType = sourcecode.c.objc; path = DTPhotoPreviewController.m; sourceTree = "<group>"; };
		520725701D0118370044D7E1 /* DTPhotoPickerController.h */ = {isa = PBXFileReference; fileEncoding = 4; lastKnownFileType = sourcecode.c.h; path = DTPhotoPickerController.h; sourceTree = "<group>"; };
		520725711D0118370044D7E1 /* DTPhotoPickerController.m */ = {isa = PBXFileReference; fileEncoding = 4; lastKnownFileType = sourcecode.c.objc; path = DTPhotoPickerController.m; sourceTree = "<group>"; };
		5207258C1D018E850044D7E1 /* PHCollection+Collection.h */ = {isa = PBXFileReference; fileEncoding = 4; lastKnownFileType = sourcecode.c.h; path = "PHCollection+Collection.h"; sourceTree = "<group>"; };
		5207258D1D018E850044D7E1 /* PHCollection+Collection.m */ = {isa = PBXFileReference; fileEncoding = 4; lastKnownFileType = sourcecode.c.objc; path = "PHCollection+Collection.m"; sourceTree = "<group>"; };
		5207258E1D018E850044D7E1 /* PHFetchResult+Array.h */ = {isa = PBXFileReference; fileEncoding = 4; lastKnownFileType = sourcecode.c.h; path = "PHFetchResult+Array.h"; sourceTree = "<group>"; };
		5207258F1D018E850044D7E1 /* PHFetchResult+Array.m */ = {isa = PBXFileReference; fileEncoding = 4; lastKnownFileType = sourcecode.c.objc; path = "PHFetchResult+Array.m"; sourceTree = "<group>"; };
		520725901D018E850044D7E1 /* PHImageManager+ImageManager.h */ = {isa = PBXFileReference; fileEncoding = 4; lastKnownFileType = sourcecode.c.h; path = "PHImageManager+ImageManager.h"; sourceTree = "<group>"; };
		520725911D018E850044D7E1 /* PHImageManager+ImageManager.m */ = {isa = PBXFileReference; fileEncoding = 4; lastKnownFileType = sourcecode.c.objc; path = "PHImageManager+ImageManager.m"; sourceTree = "<group>"; };
		520725921D018E850044D7E1 /* PHPhotoLibrary+PhotoLibrary.h */ = {isa = PBXFileReference; fileEncoding = 4; lastKnownFileType = sourcecode.c.h; path = "PHPhotoLibrary+PhotoLibrary.h"; sourceTree = "<group>"; };
		520725931D018E850044D7E1 /* PHPhotoLibrary+PhotoLibrary.m */ = {isa = PBXFileReference; fileEncoding = 4; lastKnownFileType = sourcecode.c.objc; path = "PHPhotoLibrary+PhotoLibrary.m"; sourceTree = "<group>"; };
		52225F101D05170600AA8E6F /* UIImageView+PHAsset.h */ = {isa = PBXFileReference; fileEncoding = 4; lastKnownFileType = sourcecode.c.h; path = "UIImageView+PHAsset.h"; sourceTree = "<group>"; };
		52225F111D05170600AA8E6F /* UIImageView+PHAsset.m */ = {isa = PBXFileReference; fileEncoding = 4; lastKnownFileType = sourcecode.c.objc; path = "UIImageView+PHAsset.m"; sourceTree = "<group>"; };
		528E78A81D3C800700363519 /* DTPhotoPreviewCell.h */ = {isa = PBXFileReference; fileEncoding = 4; lastKnownFileType = sourcecode.c.h; path = DTPhotoPreviewCell.h; sourceTree = "<group>"; };
		528E78A91D3C800700363519 /* DTPhotoPreviewCell.m */ = {isa = PBXFileReference; fileEncoding = 4; lastKnownFileType = sourcecode.c.objc; path = DTPhotoPreviewCell.m; sourceTree = "<group>"; };
		528E78AA1D3C800700363519 /* DTProgressView.h */ = {isa = PBXFileReference; fileEncoding = 4; lastKnownFileType = sourcecode.c.h; path = DTProgressView.h; sourceTree = "<group>"; };
		528E78AB1D3C800700363519 /* DTProgressView.m */ = {isa = PBXFileReference; fileEncoding = 4; lastKnownFileType = sourcecode.c.objc; path = DTProgressView.m; sourceTree = "<group>"; };
/* End PBXFileReference section */

/* Begin PBXFrameworksBuildPhase section */
		5207254F1D0116AE0044D7E1 /* Frameworks */ = {
			isa = PBXFrameworksBuildPhase;
			buildActionMask = 2147483647;
			files = (
			);
			runOnlyForDeploymentPostprocessing = 0;
		};
/* End PBXFrameworksBuildPhase section */

/* Begin PBXGroup section */
		520725491D0116AE0044D7E1 = {
			isa = PBXGroup;
			children = (
				520725541D0116AE0044D7E1 /* DTPhotoPickerController */,
				520725531D0116AE0044D7E1 /* Products */,
			);
			sourceTree = "<group>";
		};
		520725531D0116AE0044D7E1 /* Products */ = {
			isa = PBXGroup;
			children = (
				520725521D0116AE0044D7E1 /* DTPhotoPickerController.app */,
			);
			name = Products;
			sourceTree = "<group>";
		};
		520725541D0116AE0044D7E1 /* DTPhotoPickerController */ = {
			isa = PBXGroup;
			children = (
				5207256C1D0116B80044D7E1 /* DTPhotoPickerController */,
				520725581D0116AE0044D7E1 /* AppDelegate.h */,
				520725591D0116AE0044D7E1 /* AppDelegate.m */,
				5207255B1D0116AE0044D7E1 /* ViewController.h */,
				5207255C1D0116AE0044D7E1 /* ViewController.m */,
				5207255E1D0116AE0044D7E1 /* Main.storyboard */,
				520725611D0116AE0044D7E1 /* Assets.xcassets */,
				520725631D0116AE0044D7E1 /* LaunchScreen.storyboard */,
				520725661D0116AE0044D7E1 /* Info.plist */,
				520725551D0116AE0044D7E1 /* Supporting Files */,
			);
			name = DTPhotoPickerController;
			path = DTPhotoPickerControllerDemo;
			sourceTree = "<group>";
		};
		520725551D0116AE0044D7E1 /* Supporting Files */ = {
			isa = PBXGroup;
			children = (
				520725561D0116AE0044D7E1 /* main.m */,
			);
			name = "Supporting Files";
			sourceTree = "<group>";
		};
		5207256C1D0116B80044D7E1 /* DTPhotoPickerController */ = {
			isa = PBXGroup;
			children = (
				5207258B1D018E850044D7E1 /* Categories */,
				528E78A61D3C800700363519 /* View */,
				520725701D0118370044D7E1 /* DTPhotoPickerController.h */,
				520725711D0118370044D7E1 /* DTPhotoPickerController.m */,
				5207256D1D0116FE0044D7E1 /* DTPhotoPreviewController.h */,
				5207256E1D0116FE0044D7E1 /* DTPhotoPreviewController.m */,
			);
			name = DTPhotoPickerController;
			path = ../DTPhotoPickerController;
			sourceTree = "<group>";
		};
		5207258B1D018E850044D7E1 /* Categories */ = {
			isa = PBXGroup;
			children = (
				5207258C1D018E850044D7E1 /* PHCollection+Collection.h */,
				5207258D1D018E850044D7E1 /* PHCollection+Collection.m */,
				5207258E1D018E850044D7E1 /* PHFetchResult+Array.h */,
				5207258F1D018E850044D7E1 /* PHFetchResult+Array.m */,
				520725901D018E850044D7E1 /* PHImageManager+ImageManager.h */,
				520725911D018E850044D7E1 /* PHImageManager+ImageManager.m */,
				520725921D018E850044D7E1 /* PHPhotoLibrary+PhotoLibrary.h */,
				520725931D018E850044D7E1 /* PHPhotoLibrary+PhotoLibrary.m */,
				52225F101D05170600AA8E6F /* UIImageView+PHAsset.h */,
				52225F111D05170600AA8E6F /* UIImageView+PHAsset.m */,
			);
			path = Categories;
			sourceTree = "<group>";
		};
		528E78A61D3C800700363519 /* View */ = {
			isa = PBXGroup;
			children = (
				528E78A71D3C800700363519 /* Cell */,
				528E78AA1D3C800700363519 /* DTProgressView.h */,
				528E78AB1D3C800700363519 /* DTProgressView.m */,
			);
			name = View;
			path = DTPhotoPickerControllerDemo/View;
			sourceTree = SOURCE_ROOT;
		};
		528E78A71D3C800700363519 /* Cell */ = {
			isa = PBXGroup;
			children = (
				528E78A81D3C800700363519 /* DTPhotoPreviewCell.h */,
				528E78A91D3C800700363519 /* DTPhotoPreviewCell.m */,
			);
			path = Cell;
			sourceTree = "<group>";
		};
/* End PBXGroup section */

/* Begin PBXNativeTarget section */
		520725511D0116AE0044D7E1 /* DTPhotoPickerController */ = {
			isa = PBXNativeTarget;
			buildConfigurationList = 520725691D0116AE0044D7E1 /* Build configuration list for PBXNativeTarget "DTPhotoPickerController" */;
			buildPhases = (
				5207254E1D0116AE0044D7E1 /* Sources */,
				5207254F1D0116AE0044D7E1 /* Frameworks */,
				520725501D0116AE0044D7E1 /* Resources */,
			);
			buildRules = (
			);
			dependencies = (
			);
			name = DTPhotoPickerController;
			productName = DTPhotoPickerController;
			productReference = 520725521D0116AE0044D7E1 /* DTPhotoPickerController.app */;
			productType = "com.apple.product-type.application";
		};
/* End PBXNativeTarget section */

/* Begin PBXProject section */
		5207254A1D0116AE0044D7E1 /* Project object */ = {
			isa = PBXProject;
			attributes = {
				LastUpgradeCheck = 0730;
				ORGANIZATIONNAME = Darktt;
				TargetAttributes = {
					520725511D0116AE0044D7E1 = {
						CreatedOnToolsVersion = 7.3.1;
					};
				};
			};
			buildConfigurationList = 5207254D1D0116AE0044D7E1 /* Build configuration list for PBXProject "DTPhotoPickerController" */;
			compatibilityVersion = "Xcode 3.2";
			developmentRegion = English;
			hasScannedForEncodings = 0;
			knownRegions = (
				en,
				Base,
			);
			mainGroup = 520725491D0116AE0044D7E1;
			productRefGroup = 520725531D0116AE0044D7E1 /* Products */;
			projectDirPath = "";
			projectRoot = "";
			targets = (
				520725511D0116AE0044D7E1 /* DTPhotoPickerController */,
			);
		};
/* End PBXProject section */

/* Begin PBXResourcesBuildPhase section */
		520725501D0116AE0044D7E1 /* Resources */ = {
			isa = PBXResourcesBuildPhase;
			buildActionMask = 2147483647;
			files = (
				520725651D0116AE0044D7E1 /* LaunchScreen.storyboard in Resources */,
				520725621D0116AE0044D7E1 /* Assets.xcassets in Resources */,
				520725601D0116AE0044D7E1 /* Main.storyboard in Resources */,
			);
			runOnlyForDeploymentPostprocessing = 0;
		};
/* End PBXResourcesBuildPhase section */

/* Begin PBXSourcesBuildPhase section */
		5207254E1D0116AE0044D7E1 /* Sources */ = {
			isa = PBXSourcesBuildPhase;
			buildActionMask = 2147483647;
			files = (
				5207256F1D0116FE0044D7E1 /* DTPhotoPreviewController.m in Sources */,
				5207255D1D0116AE0044D7E1 /* ViewController.m in Sources */,
				520725951D018E850044D7E1 /* PHFetchResult+Array.m in Sources */,
				528E78AD1D3C800700363519 /* DTProgressView.m in Sources */,
				5207255A1D0116AE0044D7E1 /* AppDelegate.m in Sources */,
				520725571D0116AE0044D7E1 /* main.m in Sources */,
				528E78AC1D3C800700363519 /* DTPhotoPreviewCell.m in Sources */,
				52225F121D05170600AA8E6F /* UIImageView+PHAsset.m in Sources */,
				520725721D0118370044D7E1 /* DTPhotoPickerController.m in Sources */,
				520725941D018E850044D7E1 /* PHCollection+Collection.m in Sources */,
				520725961D018E850044D7E1 /* PHImageManager+ImageManager.m in Sources */,
				520725971D018E850044D7E1 /* PHPhotoLibrary+PhotoLibrary.m in Sources */,
			);
			runOnlyForDeploymentPostprocessing = 0;
		};
/* End PBXSourcesBuildPhase section */

/* Begin PBXVariantGroup section */
		5207255E1D0116AE0044D7E1 /* Main.storyboard */ = {
			isa = PBXVariantGroup;
			children = (
				5207255F1D0116AE0044D7E1 /* Base */,
			);
			name = Main.storyboard;
			sourceTree = "<group>";
		};
		520725631D0116AE0044D7E1 /* LaunchScreen.storyboard */ = {
			isa = PBXVariantGroup;
			children = (
				520725641D0116AE0044D7E1 /* Base */,
			);
			name = LaunchScreen.storyboard;
			sourceTree = "<group>";
		};
/* End PBXVariantGroup section */

/* Begin XCBuildConfiguration section */
		520725671D0116AE0044D7E1 /* Debug */ = {
			isa = XCBuildConfiguration;
			buildSettings = {
				ALWAYS_SEARCH_USER_PATHS = NO;
				CLANG_ANALYZER_NONNULL = YES;
				CLANG_CXX_LANGUAGE_STANDARD = "gnu++0x";
				CLANG_CXX_LIBRARY = "libc++";
				CLANG_ENABLE_MODULES = YES;
				CLANG_ENABLE_OBJC_ARC = YES;
				CLANG_WARN_BOOL_CONVERSION = YES;
				CLANG_WARN_CONSTANT_CONVERSION = YES;
				CLANG_WARN_DIRECT_OBJC_ISA_USAGE = YES_ERROR;
				CLANG_WARN_EMPTY_BODY = YES;
				CLANG_WARN_ENUM_CONVERSION = YES;
				CLANG_WARN_INT_CONVERSION = YES;
				CLANG_WARN_OBJC_ROOT_CLASS = YES_ERROR;
				CLANG_WARN_UNREACHABLE_CODE = YES;
				CLANG_WARN__DUPLICATE_METHOD_MATCH = YES;
				"CODE_SIGN_IDENTITY[sdk=iphoneos*]" = "iPhone Developer";
				COPY_PHASE_STRIP = NO;
				DEBUG_INFORMATION_FORMAT = dwarf;
				ENABLE_STRICT_OBJC_MSGSEND = YES;
				ENABLE_TESTABILITY = YES;
				GCC_C_LANGUAGE_STANDARD = gnu99;
				GCC_DYNAMIC_NO_PIC = NO;
				GCC_NO_COMMON_BLOCKS = YES;
				GCC_OPTIMIZATION_LEVEL = 0;
				GCC_PREPROCESSOR_DEFINITIONS = (
					"DEBUG=1",
					"$(inherited)",
				);
				GCC_WARN_64_TO_32_BIT_CONVERSION = YES;
				GCC_WARN_ABOUT_RETURN_TYPE = YES_ERROR;
				GCC_WARN_UNDECLARED_SELECTOR = YES;
				GCC_WARN_UNINITIALIZED_AUTOS = YES_AGGRESSIVE;
				GCC_WARN_UNUSED_FUNCTION = YES;
				GCC_WARN_UNUSED_VARIABLE = YES;
				IPHONEOS_DEPLOYMENT_TARGET = 9.3;
				MTL_ENABLE_DEBUG_INFO = YES;
				ONLY_ACTIVE_ARCH = YES;
				SDKROOT = iphoneos;
				TARGETED_DEVICE_FAMILY = "1,2";
			};
			name = Debug;
		};
		520725681D0116AE0044D7E1 /* Release */ = {
			isa = XCBuildConfiguration;
			buildSettings = {
				ALWAYS_SEARCH_USER_PATHS = NO;
				CLANG_ANALYZER_NONNULL = YES;
				CLANG_CXX_LANGUAGE_STANDARD = "gnu++0x";
				CLANG_CXX_LIBRARY = "libc++";
				CLANG_ENABLE_MODULES = YES;
				CLANG_ENABLE_OBJC_ARC = YES;
				CLANG_WARN_BOOL_CONVERSION = YES;
				CLANG_WARN_CONSTANT_CONVERSION = YES;
				CLANG_WARN_DIRECT_OBJC_ISA_USAGE = YES_ERROR;
				CLANG_WARN_EMPTY_BODY = YES;
				CLANG_WARN_ENUM_CONVERSION = YES;
				CLANG_WARN_INT_CONVERSION = YES;
				CLANG_WARN_OBJC_ROOT_CLASS = YES_ERROR;
				CLANG_WARN_UNREACHABLE_CODE = YES;
				CLANG_WARN__DUPLICATE_METHOD_MATCH = YES;
				"CODE_SIGN_IDENTITY[sdk=iphoneos*]" = "iPhone Developer";
				COPY_PHASE_STRIP = NO;
				DEBUG_INFORMATION_FORMAT = "dwarf-with-dsym";
				ENABLE_NS_ASSERTIONS = NO;
				ENABLE_STRICT_OBJC_MSGSEND = YES;
				GCC_C_LANGUAGE_STANDARD = gnu99;
				GCC_NO_COMMON_BLOCKS = YES;
				GCC_WARN_64_TO_32_BIT_CONVERSION = YES;
				GCC_WARN_ABOUT_RETURN_TYPE = YES_ERROR;
				GCC_WARN_UNDECLARED_SELECTOR = YES;
				GCC_WARN_UNINITIALIZED_AUTOS = YES_AGGRESSIVE;
				GCC_WARN_UNUSED_FUNCTION = YES;
				GCC_WARN_UNUSED_VARIABLE = YES;
				IPHONEOS_DEPLOYMENT_TARGET = 9.3;
				MTL_ENABLE_DEBUG_INFO = NO;
				SDKROOT = iphoneos;
				TARGETED_DEVICE_FAMILY = "1,2";
				VALIDATE_PRODUCT = YES;
			};
			name = Release;
		};
		5207256A1D0116AE0044D7E1 /* Debug */ = {
			isa = XCBuildConfiguration;
			buildSettings = {
				ASSETCATALOG_COMPILER_APPICON_NAME = AppIcon;
				CLANG_ENABLE_OBJC_ARC = NO;
				INFOPLIST_FILE = "$(SRCROOT)/DTPhotoPickerControllerDemo/Info.plist";
				LD_RUNPATH_SEARCH_PATHS = "$(inherited) @executable_path/Frameworks";
				PRODUCT_BUNDLE_IDENTIFIER = com.darktt.DTPhotoPickerController;
				PRODUCT_NAME = "$(TARGET_NAME)";
			};
			name = Debug;
		};
		5207256B1D0116AE0044D7E1 /* Release */ = {
			isa = XCBuildConfiguration;
			buildSettings = {
				ASSETCATALOG_COMPILER_APPICON_NAME = AppIcon;
				CLANG_ENABLE_OBJC_ARC = NO;
				INFOPLIST_FILE = "$(SRCROOT)/DTPhotoPickerControllerDemo/Info.plist";
				LD_RUNPATH_SEARCH_PATHS = "$(inherited) @executable_path/Frameworks";
				PRODUCT_BUNDLE_IDENTIFIER = com.darktt.DTPhotoPickerController;
				PRODUCT_NAME = "$(TARGET_NAME)";
			};
			name = Release;
		};
/* End XCBuildConfiguration section */

/* Begin XCConfigurationList section */
		5207254D1D0116AE0044D7E1 /* Build configuration list for PBXProject "DTPhotoPickerController" */ = {
			isa = XCConfigurationList;
			buildConfigurations = (
				520725671D0116AE0044D7E1 /* Debug */,
				520725681D0116AE0044D7E1 /* Release */,
			);
			defaultConfigurationIsVisible = 0;
			defaultConfigurationName = Release;
		};
		520725691D0116AE0044D7E1 /* Build configuration list for PBXNativeTarget "DTPhotoPickerController" */ = {
			isa = XCConfigurationList;
			buildConfigurations = (
				5207256A1D0116AE0044D7E1 /* Debug */,
				5207256B1D0116AE0044D7E1 /* Release */,
			);
			defaultConfigurationIsVisible = 0;
			defaultConfigurationName = Release;
		};
/* End XCConfigurationList section */
	};
	rootObject = 5207254A1D0116AE0044D7E1 /* Project object */;
}
